{
  "version": 4,
  "terraform_version": "0.15.2",
  "serial": 139,
  "lineage": "e14dd235-558a-a532-329f-78d014e9c587",
  "outputs": {},
  "resources": [
    {
      "mode": "managed",
      "type": "docker_container",
      "name": "wordpress",
      "provider": "provider[\"registry.terraform.io/kreuzwerker/docker\"]",
      "instances": [
        {
          "schema_version": 2,
          "attributes": {
            "attach": false,
            "bridge": "",
            "capabilities": [],
            "command": [
              "apache2-foreground"
            ],
            "container_logs": null,
            "cpu_set": "",
            "cpu_shares": 0,
            "destroy_grace_seconds": null,
            "devices": [],
            "dns": null,
            "dns_opts": null,
            "dns_search": null,
            "domainname": "",
            "entrypoint": [
              "docker-entrypoint.sh"
            ],
            "env": [
              "WORDPRESS_DB_HOST=10.1.1.2:3306",
              "WORDPRESS_DB_NAME=wordpress",
              "WORDPRESS_DB_PASSWORD=PassWord!",
              "WORDPRESS_DB_USER=wordpress"
            ],
            "exit_code": null,
            "gateway": "10.1.1.1",
            "group_add": null,
            "healthcheck": null,
            "host": [],
            "hostname": "cae0085e35e0",
            "id": "cae0085e35e01301fff7312e9c419b23f7d4da8ca835b24cc5cf42fe9434c6fe",
            "image": "sha256:7fda6c2410242363aa021244fbf4cca89535bb2beedd1101d36a83679c1c41b3",
            "init": false,
            "ip_address": "10.1.1.3",
            "ip_prefix_length": 24,
            "ipc_mode": "private",
            "labels": [],
            "links": null,
            "log_driver": "json-file",
            "log_opts": null,
            "logs": false,
            "max_retry_count": 0,
            "memory": 0,
            "memory_swap": 0,
            "mounts": [],
            "must_run": true,
            "name": "wordpress",
            "network_alias": null,
            "network_data": [
              {
                "gateway": "10.1.1.1",
                "global_ipv6_address": "",
                "global_ipv6_prefix_length": 0,
                "ip_address": "10.1.1.3",
                "ip_prefix_length": 24,
                "ipv6_gateway": "",
                "network_name": "my_network"
              }
            ],
            "network_mode": "default",
            "networks": null,
            "networks_advanced": [
              {
                "aliases": [],
                "ipv4_address": "10.1.1.3",
                "ipv6_address": "",
                "name": "my_network"
              }
            ],
            "pid_mode": "",
            "ports": [
              {
                "external": 8080,
                "internal": 80,
                "ip": "0.0.0.0",
                "protocol": "tcp"
              }
            ],
            "privileged": false,
            "publish_all_ports": false,
            "read_only": false,
            "remove_volumes": true,
            "restart": "no",
            "rm": false,
            "security_opts": [],
            "shm_size": 64,
            "start": true,
            "stdin_open": false,
            "sysctls": null,
            "tmpfs": null,
            "tty": false,
            "ulimit": [],
            "upload": [],
            "user": "",
            "userns_mode": "",
            "volumes": [],
            "working_dir": "/var/www/html"
          },
          "sensitive_attributes": [],
          "private": "eyJzY2hlbWFfdmVyc2lvbiI6IjIifQ==",
          "dependencies": [
            "docker_container.wordpress-db",
            "docker_image.mysql",
            "docker_image.wordpress",
            "docker_network.joint_network"
          ]
        }
      ]
    },
    {
      "mode": "managed",
      "type": "docker_container",
      "name": "wordpress-db",
      "provider": "provider[\"registry.terraform.io/kreuzwerker/docker\"]",
      "instances": [
        {
          "schema_version": 2,
          "attributes": {
            "attach": false,
            "bridge": "",
            "capabilities": [],
            "command": [
              "mysqld"
            ],
            "container_logs": null,
            "cpu_set": "",
            "cpu_shares": 0,
            "destroy_grace_seconds": null,
            "devices": [],
            "dns": null,
            "dns_opts": null,
            "dns_search": null,
            "domainname": "",
            "entrypoint": [
              "docker-entrypoint.sh"
            ],
            "env": [
              "MYSQL_DATABASE=wordpress",
              "MYSQL_PASSWORD=PassWord!",
              "MYSQL_ROOT_PASSWORD=PassWord!",
              "MYSQL_USER=wordpress"
            ],
            "exit_code": null,
            "gateway": "10.1.1.1",
            "group_add": null,
            "healthcheck": null,
            "host": [],
            "hostname": "1dc3d6acae0d",
            "id": "1dc3d6acae0dde2af3cd2736fc7347ea2c939b3cc83faec0f0e72289d08852a9",
            "image": "sha256:87eca374c0ed97f0f0b504174b0d22b0a0add454414c0dbf5ae43870369f6854",
            "init": false,
            "ip_address": "10.1.1.2",
            "ip_prefix_length": 24,
            "ipc_mode": "private",
            "labels": [],
            "links": null,
            "log_driver": "json-file",
            "log_opts": null,
            "logs": false,
            "max_retry_count": 0,
            "memory": 0,
            "memory_swap": 0,
            "mounts": [],
            "must_run": true,
            "name": "wordpress-db",
            "network_alias": null,
            "network_data": [
              {
                "gateway": "10.1.1.1",
                "global_ipv6_address": "",
                "global_ipv6_prefix_length": 0,
                "ip_address": "10.1.1.2",
                "ip_prefix_length": 24,
                "ipv6_gateway": "",
                "network_name": "my_network"
              }
            ],
            "network_mode": "default",
            "networks": null,
            "networks_advanced": [
              {
                "aliases": [],
                "ipv4_address": "10.1.1.2",
                "ipv6_address": "",
                "name": "my_network"
              }
            ],
            "pid_mode": "",
            "ports": [],
            "privileged": false,
            "publish_all_ports": false,
            "read_only": false,
            "remove_volumes": true,
            "restart": "no",
            "rm": false,
            "security_opts": [],
            "shm_size": 64,
            "start": true,
            "stdin_open": false,
            "sysctls": null,
            "tmpfs": null,
            "tty": false,
            "ulimit": [],
            "upload": [],
            "user": "",
            "userns_mode": "",
            "volumes": [],
            "working_dir": ""
          },
          "sensitive_attributes": [],
          "private": "eyJzY2hlbWFfdmVyc2lvbiI6IjIifQ==",
          "dependencies": [
            "docker_image.mysql",
            "docker_network.joint_network"
          ]
        }
      ]
    },
    {
      "mode": "managed",
      "type": "docker_image",
      "name": "mysql",
      "provider": "provider[\"registry.terraform.io/kreuzwerker/docker\"]",
      "instances": [
        {
          "schema_version": 0,
          "attributes": {
            "build": [],
            "force_remove": null,
            "id": "sha256:87eca374c0ed97f0f0b504174b0d22b0a0add454414c0dbf5ae43870369f6854mysql:5.7",
            "keep_locally": true,
            "latest": "sha256:87eca374c0ed97f0f0b504174b0d22b0a0add454414c0dbf5ae43870369f6854",
            "name": "mysql:5.7",
            "output": null,
            "pull_trigger": null,
            "pull_triggers": null
          },
          "sensitive_attributes": [],
          "private": "bnVsbA=="
        }
      ]
    },
    {
      "mode": "managed",
      "type": "docker_image",
      "name": "wordpress",
      "provider": "provider[\"registry.terraform.io/kreuzwerker/docker\"]",
      "instances": [
        {
          "schema_version": 0,
          "attributes": {
            "build": [],
            "force_remove": null,
            "id": "sha256:7fda6c2410242363aa021244fbf4cca89535bb2beedd1101d36a83679c1c41b3wordpress:latest",
            "keep_locally": true,
            "latest": "sha256:7fda6c2410242363aa021244fbf4cca89535bb2beedd1101d36a83679c1c41b3",
            "name": "wordpress:latest",
            "output": null,
            "pull_trigger": null,
            "pull_triggers": null
          },
          "sensitive_attributes": [],
          "private": "bnVsbA=="
        }
      ]
    },
    {
      "mode": "managed",
      "type": "docker_network",
      "name": "joint_network",
      "provider": "provider[\"registry.terraform.io/kreuzwerker/docker\"]",
      "instances": [
        {
          "schema_version": 1,
          "attributes": {
            "attachable": false,
            "check_duplicate": null,
            "driver": "bridge",
            "id": "d50e51634040d0f07071ab4e3dea25ed23739899ae3999d2b1dbbfff8edc22b9",
            "ingress": false,
            "internal": false,
            "ipam_config": [
              {
                "aux_address": null,
                "gateway": "10.1.1.1",
                "ip_range": "10.1.1.0/24",
                "subnet": "10.1.1.0/24"
              }
            ],
            "ipam_driver": "default",
            "ipv6": false,
            "labels": [],
            "name": "my_network",
            "options": {},
            "scope": "local"
          },
          "sensitive_attributes": [],
          "private": "eyJzY2hlbWFfdmVyc2lvbiI6IjEifQ=="
        }
      ]
    }
  ]
}
