{
  "version": 4,
  "terraform_version": "0.15.0",
  "serial": 33,
  "lineage": "dcff512d-d770-939d-969b-e67aea1a8f71",
  "outputs": {},
  "resources": [
    {
      "mode": "managed",
      "type": "esxi_guest",
      "name": "vmtest1",
      "provider": "provider[\"registry.terraform.io/kube-cloud/esxi\"]",
      "instances": [
        {
          "schema_version": 0,
          "attributes": {
            "boot_disk_size": null,
            "boot_disk_type": "thin",
            "clone_from_vm": "csr1k-template",
            "disk_store": "Main_DS",
            "guest_name": "vmtest1",
            "guest_shutdown_timeout": 20,
            "guest_startup_timeout": 120,
            "guestinfo": null,
            "guestos": "other3xlinux-64",
            "host_ovf": null,
            "id": "15",
            "ip_address": "",
            "memsize": "4096",
            "network_interfaces": [
              {
                "mac_address": "",
                "nic_type": "vmxnet3",
                "virtual_network": "e1-PG"
              },
              {
                "mac_address": "",
                "nic_type": "vmxnet3",
                "virtual_network": "e2-PG"
              },
              {
                "mac_address": "",
                "nic_type": "vmxnet3",
                "virtual_network": "e3-PG"
              }
            ],
            "notes": "",
            "numvcpus": "1",
            "ovf_properties": [],
            "ovf_properties_timer": 0,
            "ovf_source": null,
            "power": "on",
            "resource_pool_name": "/",
            "virthwver": "13",
            "virtual_disks": []
          },
          "sensitive_attributes": [],
          "private": "bnVsbA=="
        }
      ]
    },
    {
      "mode": "managed",
      "type": "esxi_guest",
      "name": "vmtest2",
      "provider": "provider[\"registry.terraform.io/kube-cloud/esxi\"]",
      "instances": [
        {
          "schema_version": 0,
          "attributes": {
            "boot_disk_size": null,
            "boot_disk_type": "thin",
            "clone_from_vm": "csr1k-template",
            "disk_store": "Main_DS",
            "guest_name": "vmtest2",
            "guest_shutdown_timeout": 20,
            "guest_startup_timeout": 120,
            "guestinfo": null,
            "guestos": "other3xlinux-64",
            "host_ovf": null,
            "id": "16",
            "ip_address": "",
            "memsize": "4096",
            "network_interfaces": [
              {
                "mac_address": "",
                "nic_type": "vmxnet3",
                "virtual_network": "e1-PG"
              },
              {
                "mac_address": "",
                "nic_type": "vmxnet3",
                "virtual_network": "e2-PG"
              },
              {
                "mac_address": "",
                "nic_type": "vmxnet3",
                "virtual_network": "e3-PG"
              }
            ],
            "notes": "",
            "numvcpus": "1",
            "ovf_properties": [],
            "ovf_properties_timer": 0,
            "ovf_source": null,
            "power": "on",
            "resource_pool_name": "/",
            "virthwver": "13",
            "virtual_disks": []
          },
          "sensitive_attributes": [],
          "private": "bnVsbA=="
        }
      ]
    }
  ]
}
